// !$*UTF8*$!
{
	archiveVersion = 1;
	classes = {
	};
	objectVersion = 50;
	objects = {

/* Begin PBXBuildFile section */
		6AD15BE623FFDB7C001FC35E /* AppDelegate.swift in Sources */ = {isa = PBXBuildFile; fileRef = 6AD15BE523FFDB7C001FC35E /* AppDelegate.swift */; };
		6AD15BE823FFDB7C001FC35E /* SceneDelegate.swift in Sources */ = {isa = PBXBuildFile; fileRef = 6AD15BE723FFDB7C001FC35E /* SceneDelegate.swift */; };
		6AD15BEA23FFDB7C001FC35E /* ViewController.swift in Sources */ = {isa = PBXBuildFile; fileRef = 6AD15BE923FFDB7C001FC35E /* ViewController.swift */; };
		6AD15BED23FFDB7C001FC35E /* Main.storyboard in Resources */ = {isa = PBXBuildFile; fileRef = 6AD15BEB23FFDB7C001FC35E /* Main.storyboard */; };
		6AD15BEF23FFDB7D001FC35E /* Assets.xcassets in Resources */ = {isa = PBXBuildFile; fileRef = 6AD15BEE23FFDB7D001FC35E /* Assets.xcassets */; };
		6AD15BF223FFDB7D001FC35E /* LaunchScreen.storyboard in Resources */ = {isa = PBXBuildFile; fileRef = 6AD15BF023FFDB7D001FC35E /* LaunchScreen.storyboard */; };
		6AD15BFD23FFDB7D001FC35E /* Flix_Part1Tests.swift in Sources */ = {isa = PBXBuildFile; fileRef = 6AD15BFC23FFDB7D001FC35E /* Flix_Part1Tests.swift */; };
		6AD15C0823FFDB7D001FC35E /* Flix_Part1UITests.swift in Sources */ = {isa = PBXBuildFile; fileRef = 6AD15C0723FFDB7D001FC35E /* Flix_Part1UITests.swift */; };
/* End PBXBuildFile section */

/* Begin PBXContainerItemProxy section */
		6AD15BF923FFDB7D001FC35E /* PBXContainerItemProxy */ = {
			isa = PBXContainerItemProxy;
			containerPortal = 6AD15BDA23FFDB7C001FC35E /* Project object */;
			proxyType = 1;
			remoteGlobalIDString = 6AD15BE123FFDB7C001FC35E;
			remoteInfo = Flix_Part1;
		};
		6AD15C0423FFDB7D001FC35E /* PBXContainerItemProxy */ = {
			isa = PBXContainerItemProxy;
			containerPortal = 6AD15BDA23FFDB7C001FC35E /* Project object */;
			proxyType = 1;
			remoteGlobalIDString = 6AD15BE123FFDB7C001FC35E;
			remoteInfo = Flix_Part1;
		};
/* End PBXContainerItemProxy section */

/* Begin PBXFileReference section */
		6AD15BE223FFDB7C001FC35E /* Flix_Part1.app */ = {isa = PBXFileReference; explicitFileType = wrapper.application; includeInIndex = 0; path = Flix_Part1.app; sourceTree = BUILT_PRODUCTS_DIR; };
		6AD15BE523FFDB7C001FC35E /* AppDelegate.swift */ = {isa = PBXFileReference; lastKnownFileType = sourcecode.swift; path = AppDelegate.swift; sourceTree = "<group>"; };
		6AD15BE723FFDB7C001FC35E /* SceneDelegate.swift */ = {isa = PBXFileReference; lastKnownFileType = sourcecode.swift; path = SceneDelegate.swift; sourceTree = "<group>"; };
		6AD15BE923FFDB7C001FC35E /* ViewController.swift */ = {isa = PBXFileReference; lastKnownFileType = sourcecode.swift; path = ViewController.swift; sourceTree = "<group>"; };
		6AD15BEC23FFDB7C001FC35E /* Base */ = {isa = PBXFileReference; lastKnownFileType = file.storyboard; name = Base; path = Base.lproj/Main.storyboard; sourceTree = "<group>"; };
		6AD15BEE23FFDB7D001FC35E /* Assets.xcassets */ = {isa = PBXFileReference; lastKnownFileType = folder.assetcatalog; path = Assets.xcassets; sourceTree = "<group>"; };
		6AD15BF123FFDB7D001FC35E /* Base */ = {isa = PBXFileReference; lastKnownFileType = file.storyboard; name = Base; path = Base.lproj/LaunchScreen.storyboard; sourceTree = "<group>"; };
		6AD15BF323FFDB7D001FC35E /* Info.plist */ = {isa = PBXFileReference; lastKnownFileType = text.plist.xml; path = Info.plist; sourceTree = "<group>"; };
		6AD15BF823FFDB7D001FC35E /* Flix_Part1Tests.xctest */ = {isa = PBXFileReference; explicitFileType = wrapper.cfbundle; includeInIndex = 0; path = Flix_Part1Tests.xctest; sourceTree = BUILT_PRODUCTS_DIR; };
		6AD15BFC23FFDB7D001FC35E /* Flix_Part1Tests.swift */ = {isa = PBXFileReference; lastKnownFileType = sourcecode.swift; path = Flix_Part1Tests.swift; sourceTree = "<group>"; };
		6AD15BFE23FFDB7D001FC35E /* Info.plist */ = {isa = PBXFileReference; lastKnownFileType = text.plist.xml; path = Info.plist; sourceTree = "<group>"; };
		6AD15C0323FFDB7D001FC35E /* Flix_Part1UITests.xctest */ = {isa = PBXFileReference; explicitFileType = wrapper.cfbundle; includeInIndex = 0; path = Flix_Part1UITests.xctest; sourceTree = BUILT_PRODUCTS_DIR; };
		6AD15C0723FFDB7D001FC35E /* Flix_Part1UITests.swift */ = {isa = PBXFileReference; lastKnownFileType = sourcecode.swift; path = Flix_Part1UITests.swift; sourceTree = "<group>"; };
		6AD15C0923FFDB7D001FC35E /* Info.plist */ = {isa = PBXFileReference; lastKnownFileType = text.plist.xml; path = Info.plist; sourceTree = "<group>"; };
/* End PBXFileReference section */

/* Begin PBXFrameworksBuildPhase section */
		6AD15BDF23FFDB7C001FC35E /* Frameworks */ = {
			isa = PBXFrameworksBuildPhase;
			buildActionMask = 2147483647;
			files = (
			);
			runOnlyForDeploymentPostprocessing = 0;
		};
		6AD15BF523FFDB7D001FC35E /* Frameworks */ = {
			isa = PBXFrameworksBuildPhase;
			buildActionMask = 2147483647;
			files = (
			);
			runOnlyForDeploymentPostprocessing = 0;
		};
		6AD15C0023FFDB7D001FC35E /* Frameworks */ = {
			isa = PBXFrameworksBuildPhase;
			buildActionMask = 2147483647;
			files = (
			);
			runOnlyForDeploymentPostprocessing = 0;
		};
/* End PBXFrameworksBuildPhase section */

/* Begin PBXGroup section */
		6AD15BD923FFDB7C001FC35E = {
			isa = PBXGroup;
			children = (
				6AD15BE423FFDB7C001FC35E /* Flix_Part1 */,
				6AD15BFB23FFDB7D001FC35E /* Flix_Part1Tests */,
				6AD15C0623FFDB7D001FC35E /* Flix_Part1UITests */,
				6AD15BE323FFDB7C001FC35E /* Products */,
			);
			sourceTree = "<group>";
		};
		6AD15BE323FFDB7C001FC35E /* Products */ = {
			isa = PBXGroup;
			children = (
				6AD15BE223FFDB7C001FC35E /* Flix_Part1.app */,
				6AD15BF823FFDB7D001FC35E /* Flix_Part1Tests.xctest */,
				6AD15C0323FFDB7D001FC35E /* Flix_Part1UITests.xctest */,
			);
			name = Products;
			sourceTree = "<group>";
		};
		6AD15BE423FFDB7C001FC35E /* Flix_Part1 */ = {
			isa = PBXGroup;
			children = (
				6AD15BE523FFDB7C001FC35E /* AppDelegate.swift */,
				6AD15BE723FFDB7C001FC35E /* SceneDelegate.swift */,
				6AD15BE923FFDB7C001FC35E /* ViewController.swift */,
				6AD15BEB23FFDB7C001FC35E /* Main.storyboard */,
				6AD15BEE23FFDB7D001FC35E /* Assets.xcassets */,
				6AD15BF023FFDB7D001FC35E /* LaunchScreen.storyboard */,
				6AD15BF323FFDB7D001FC35E /* Info.plist */,
			);
			path = Flix_Part1;
			sourceTree = "<group>";
		};
		6AD15BFB23FFDB7D001FC35E /* Flix_Part1Tests */ = {
			isa = PBXGroup;
			children = (
				6AD15BFC23FFDB7D001FC35E /* Flix_Part1Tests.swift */,
				6AD15BFE23FFDB7D001FC35E /* Info.plist */,
			);
			path = Flix_Part1Tests;
			sourceTree = "<group>";
		};
		6AD15C0623FFDB7D001FC35E /* Flix_Part1UITests */ = {
			isa = PBXGroup;
			children = (
				6AD15C0723FFDB7D001FC35E /* Flix_Part1UITests.swift */,
				6AD15C0923FFDB7D001FC35E /* Info.plist */,
			);
			path = Flix_Part1UITests;
			sourceTree = "<group>";
		};
/* End PBXGroup section */

/* Begin PBXNativeTarget section */
		6AD15BE123FFDB7C001FC35E /* Flix_Part1 */ = {
			isa = PBXNativeTarget;
			buildConfigurationList = 6AD15C0C23FFDB7D001FC35E /* Build configuration list for PBXNativeTarget "Flix_Part1" */;
			buildPhases = (
				6AD15BDE23FFDB7C001FC35E /* Sources */,
				6AD15BDF23FFDB7C001FC35E /* Frameworks */,
				6AD15BE023FFDB7C001FC35E /* Resources */,
			);
			buildRules = (
			);
			dependencies = (
			);
			name = Flix_Part1;
			productName = Flix_Part1;
			productReference = 6AD15BE223FFDB7C001FC35E /* Flix_Part1.app */;
			productType = "com.apple.product-type.application";
		};
		6AD15BF723FFDB7D001FC35E /* Flix_Part1Tests */ = {
			isa = PBXNativeTarget;
			buildConfigurationList = 6AD15C0F23FFDB7D001FC35E /* Build configuration list for PBXNativeTarget "Flix_Part1Tests" */;
			buildPhases = (
				6AD15BF423FFDB7D001FC35E /* Sources */,
				6AD15BF523FFDB7D001FC35E /* Frameworks */,
				6AD15BF623FFDB7D001FC35E /* Resources */,
			);
			buildRules = (
			);
			dependencies = (
				6AD15BFA23FFDB7D001FC35E /* PBXTargetDependency */,
			);
			name = Flix_Part1Tests;
			productName = Flix_Part1Tests;
			productReference = 6AD15BF823FFDB7D001FC35E /* Flix_Part1Tests.xctest */;
			productType = "com.apple.product-type.bundle.unit-test";
		};
		6AD15C0223FFDB7D001FC35E /* Flix_Part1UITests */ = {
			isa = PBXNativeTarget;
			buildConfigurationList = 6AD15C1223FFDB7D001FC35E /* Build configuration list for PBXNativeTarget "Flix_Part1UITests" */;
			buildPhases = (
				6AD15BFF23FFDB7D001FC35E /* Sources */,
				6AD15C0023FFDB7D001FC35E /* Frameworks */,
				6AD15C0123FFDB7D001FC35E /* Resources */,
			);
			buildRules = (
			);
			dependencies = (
				6AD15C0523FFDB7D001FC35E /* PBXTargetDependency */,
			);
			name = Flix_Part1UITests;
			productName = Flix_Part1UITests;
			productReference = 6AD15C0323FFDB7D001FC35E /* Flix_Part1UITests.xctest */;
			productType = "com.apple.product-type.bundle.ui-testing";
		};
/* End PBXNativeTarget section */

/* Begin PBXProject section */
		6AD15BDA23FFDB7C001FC35E /* Project object */ = {
			isa = PBXProject;
			attributes = {
				LastSwiftUpdateCheck = 1130;
				LastUpgradeCheck = 1130;
				ORGANIZATIONNAME = "hht1996@hotmail.com";
				TargetAttributes = {
					6AD15BE123FFDB7C001FC35E = {
						CreatedOnToolsVersion = 11.3.1;
					};
					6AD15BF723FFDB7D001FC35E = {
						CreatedOnToolsVersion = 11.3.1;
						TestTargetID = 6AD15BE123FFDB7C001FC35E;
					};
					6AD15C0223FFDB7D001FC35E = {
						CreatedOnToolsVersion = 11.3.1;
						TestTargetID = 6AD15BE123FFDB7C001FC35E;
					};
				};
			};
			buildConfigurationList = 6AD15BDD23FFDB7C001FC35E /* Build configuration list for PBXProject "Flix_Part1" */;
			compatibilityVersion = "Xcode 9.3";
			developmentRegion = en;
			hasScannedForEncodings = 0;
			knownRegions = (
				en,
				Base,
			);
			mainGroup = 6AD15BD923FFDB7C001FC35E;
			productRefGroup = 6AD15BE323FFDB7C001FC35E /* Products */;
			projectDirPath = "";
			projectRoot = "";
			targets = (
				6AD15BE123FFDB7C001FC35E /* Flix_Part1 */,
				6AD15BF723FFDB7D001FC35E /* Flix_Part1Tests */,
				6AD15C0223FFDB7D001FC35E /* Flix_Part1UITests */,
			);
		};
/* End PBXProject section */

/* Begin PBXResourcesBuildPhase section */
		6AD15BE023FFDB7C001FC35E /* Resources */ = {
			isa = PBXResourcesBuildPhase;
			buildActionMask = 2147483647;
			files = (
				6AD15BF223FFDB7D001FC35E /* LaunchScreen.storyboard in Resources */,
				6AD15BEF23FFDB7D001FC35E /* Assets.xcassets in Resources */,
				6AD15BED23FFDB7C001FC35E /* Main.storyboard in Resources */,
			);
			runOnlyForDeploymentPostprocessing = 0;
		};
		6AD15BF623FFDB7D001FC35E /* Resources */ = {
			isa = PBXResourcesBuildPhase;
			buildActionMask = 2147483647;
			files = (
			);
			runOnlyForDeploymentPostprocessing = 0;
		};
		6AD15C0123FFDB7D001FC35E /* Resources */ = {
			isa = PBXResourcesBuildPhase;
			buildActionMask = 2147483647;
			files = (
			);
			runOnlyForDeploymentPostprocessing = 0;
		};
/* End PBXResourcesBuildPhase section */

/* Begin PBXSourcesBuildPhase section */
		6AD15BDE23FFDB7C001FC35E /* Sources */ = {
			isa = PBXSourcesBuildPhase;
			buildActionMask = 2147483647;
			files = (
				6AD15BEA23FFDB7C001FC35E /* ViewController.swift in Sources */,
				6AD15BE623FFDB7C001FC35E /* AppDelegate.swift in Sources */,
				6AD15BE823FFDB7C001FC35E /* SceneDelegate.swift in Sources */,
			);
			runOnlyForDeploymentPostprocessing = 0;
		};
		6AD15BF423FFDB7D001FC35E /* Sources */ = {
			isa = PBXSourcesBuildPhase;
			buildActionMask = 2147483647;
			files = (
				6AD15BFD23FFDB7D001FC35E /* Flix_Part1Tests.swift in Sources */,
			);
			runOnlyForDeploymentPostprocessing = 0;
		};
		6AD15BFF23FFDB7D001FC35E /* Sources */ = {
			isa = PBXSourcesBuildPhase;
			buildActionMask = 2147483647;
			files = (
				6AD15C0823FFDB7D001FC35E /* Flix_Part1UITests.swift in Sources */,
			);
			runOnlyForDeploymentPostprocessing = 0;
		};
/* End PBXSourcesBuildPhase section */

/* Begin PBXTargetDependency section */
		6AD15BFA23FFDB7D001FC35E /* PBXTargetDependency */ = {
			isa = PBXTargetDependency;
			target = 6AD15BE123FFDB7C001FC35E /* Flix_Part1 */;
			targetProxy = 6AD15BF923FFDB7D001FC35E /* PBXContainerItemProxy */;
		};
		6AD15C0523FFDB7D001FC35E /* PBXTargetDependency */ = {
			isa = PBXTargetDependency;
			target = 6AD15BE123FFDB7C001FC35E /* Flix_Part1 */;
			targetProxy = 6AD15C0423FFDB7D001FC35E /* PBXContainerItemProxy */;
		};
/* End PBXTargetDependency section */

/* Begin PBXVariantGroup section */
		6AD15BEB23FFDB7C001FC35E /* Main.storyboard */ = {
			isa = PBXVariantGroup;
			children = (
				6AD15BEC23FFDB7C001FC35E /* Base */,
			);
			name = Main.storyboard;
			sourceTree = "<group>";
		};
		6AD15BF023FFDB7D001FC35E /* LaunchScreen.storyboard */ = {
			isa = PBXVariantGroup;
			children = (
				6AD15BF123FFDB7D001FC35E /* Base */,
			);
			name = LaunchScreen.storyboard;
			sourceTree = "<group>";
		};
/* End PBXVariantGroup section */

/* Begin XCBuildConfiguration section */
		6AD15C0A23FFDB7D001FC35E /* Debug */ = {
			isa = XCBuildConfiguration;
			buildSettings = {
				ALWAYS_SEARCH_USER_PATHS = NO;
				CLANG_ANALYZER_NONNULL = YES;
				CLANG_ANALYZER_NUMBER_OBJECT_CONVERSION = YES_AGGRESSIVE;
				CLANG_CXX_LANGUAGE_STANDARD = "gnu++14";
				CLANG_CXX_LIBRARY = "libc++";
				CLANG_ENABLE_MODULES = YES;
				CLANG_ENABLE_OBJC_ARC = YES;
				CLANG_ENABLE_OBJC_WEAK = YES;
				CLANG_WARN_BLOCK_CAPTURE_AUTORELEASING = YES;
				CLANG_WARN_BOOL_CONVERSION = YES;
				CLANG_WARN_COMMA = YES;
				CLANG_WARN_CONSTANT_CONVERSION = YES;
				CLANG_WARN_DEPRECATED_OBJC_IMPLEMENTATIONS = YES;
				CLANG_WARN_DIRECT_OBJC_ISA_USAGE = YES_ERROR;
				CLANG_WARN_DOCUMENTATION_COMMENTS = YES;
				CLANG_WARN_EMPTY_BODY = YES;
				CLANG_WARN_ENUM_CONVERSION = YES;
				CLANG_WARN_INFINITE_RECURSION = YES;
				CLANG_WARN_INT_CONVERSION = YES;
				CLANG_WARN_NON_LITERAL_NULL_CONVERSION = YES;
				CLANG_WARN_OBJC_IMPLICIT_RETAIN_SELF = YES;
				CLANG_WARN_OBJC_LITERAL_CONVERSION = YES;
				CLANG_WARN_OBJC_ROOT_CLASS = YES_ERROR;
				CLANG_WARN_RANGE_LOOP_ANALYSIS = YES;
				CLANG_WARN_STRICT_PROTOTYPES = YES;
				CLANG_WARN_SUSPICIOUS_MOVE = YES;
				CLANG_WARN_UNGUARDED_AVAILABILITY = YES_AGGRESSIVE;
				CLANG_WARN_UNREACHABLE_CODE = YES;
				CLANG_WARN__DUPLICATE_METHOD_MATCH = YES;
				COPY_PHASE_STRIP = NO;
				DEBUG_INFORMATION_FORMAT = dwarf;
				ENABLE_STRICT_OBJC_MSGSEND = YES;
				ENABLE_TESTABILITY = YES;
				GCC_C_LANGUAGE_STANDARD = gnu11;
				GCC_DYNAMIC_NO_PIC = NO;
				GCC_NO_COMMON_BLOCKS = YES;
				GCC_OPTIMIZATION_LEVEL = 0;
				GCC_PREPROCESSOR_DEFINITIONS = (
					"DEBUG=1",
					"$(inherited)",
				);
				GCC_WARN_64_TO_32_BIT_CONVERSION = YES;
				GCC_WARN_ABOUT_RETURN_TYPE = YES_ERROR;
				GCC_WARN_UNDECLARED_SELECTOR = YES;
				GCC_WARN_UNINITIALIZED_AUTOS = YES_AGGRESSIVE;
				GCC_WARN_UNUSED_FUNCTION = YES;
				GCC_WARN_UNUSED_VARIABLE = YES;
				IPHONEOS_DEPLOYMENT_TARGET = 13.2;
				MTL_ENABLE_DEBUG_INFO = INCLUDE_SOURCE;
				MTL_FAST_MATH = YES;
				ONLY_ACTIVE_ARCH = YES;
				SDKROOT = iphoneos;
				SWIFT_ACTIVE_COMPILATION_CONDITIONS = DEBUG;
				SWIFT_OPTIMIZATION_LEVEL = "-Onone";
			};
			name = Debug;
		};
		6AD15C0B23FFDB7D001FC35E /* Release */ = {
			isa = XCBuildConfiguration;
			buildSettings = {
				ALWAYS_SEARCH_USER_PATHS = NO;
				CLANG_ANALYZER_NONNULL = YES;
				CLANG_ANALYZER_NUMBER_OBJECT_CONVERSION = YES_AGGRESSIVE;
				CLANG_CXX_LANGUAGE_STANDARD = "gnu++14";
				CLANG_CXX_LIBRARY = "libc++";
				CLANG_ENABLE_MODULES = YES;
				CLANG_ENABLE_OBJC_ARC = YES;
				CLANG_ENABLE_OBJC_WEAK = YES;
				CLANG_WARN_BLOCK_CAPTURE_AUTORELEASING = YES;
				CLANG_WARN_BOOL_CONVERSION = YES;
				CLANG_WARN_COMMA = YES;
				CLANG_WARN_CONSTANT_CONVERSION = YES;
				CLANG_WARN_DEPRECATED_OBJC_IMPLEMENTATIONS = YES;
				CLANG_WARN_DIRECT_OBJC_ISA_USAGE = YES_ERROR;
				CLANG_WARN_DOCUMENTATION_COMMENTS = YES;
				CLANG_WARN_EMPTY_BODY = YES;
				CLANG_WARN_ENUM_CONVERSION = YES;
				CLANG_WARN_INFINITE_RECURSION = YES;
				CLANG_WARN_INT_CONVERSION = YES;
				CLANG_WARN_NON_LITERAL_NULL_CONVERSION = YES;
				CLANG_WARN_OBJC_IMPLICIT_RETAIN_SELF = YES;
				CLANG_WARN_OBJC_LITERAL_CONVERSION = YES;
				CLANG_WARN_OBJC_ROOT_CLASS = YES_ERROR;
				CLANG_WARN_RANGE_LOOP_ANALYSIS = YES;
				CLANG_WARN_STRICT_PROTOTYPES = YES;
				CLANG_WARN_SUSPICIOUS_MOVE = YES;
				CLANG_WARN_UNGUARDED_AVAILABILITY = YES_AGGRESSIVE;
				CLANG_WARN_UNREACHABLE_CODE = YES;
				CLANG_WARN__DUPLICATE_METHOD_MATCH = YES;
				COPY_PHASE_STRIP = NO;
				DEBUG_INFORMATION_FORMAT = "dwarf-with-dsym";
				ENABLE_NS_ASSERTIONS = NO;
				ENABLE_STRICT_OBJC_MSGSEND = YES;
				GCC_C_LANGUAGE_STANDARD = gnu11;
				GCC_NO_COMMON_BLOCKS = YES;
				GCC_WARN_64_TO_32_BIT_CONVERSION = YES;
				GCC_WARN_ABOUT_RETURN_TYPE = YES_ERROR;
				GCC_WARN_UNDECLARED_SELECTOR = YES;
				GCC_WARN_UNINITIALIZED_AUTOS = YES_AGGRESSIVE;
				GCC_WARN_UNUSED_FUNCTION = YES;
				GCC_WARN_UNUSED_VARIABLE = YES;
				IPHONEOS_DEPLOYMENT_TARGET = 13.2;
				MTL_ENABLE_DEBUG_INFO = NO;
				MTL_FAST_MATH = YES;
				SDKROOT = iphoneos;
				SWIFT_COMPILATION_MODE = wholemodule;
				SWIFT_OPTIMIZATION_LEVEL = "-O";
				VALIDATE_PRODUCT = YES;
			};
			name = Release;
		};
		6AD15C0D23FFDB7D001FC35E /* Debug */ = {
			isa = XCBuildConfiguration;
			buildSettings = {
				ASSETCATALOG_COMPILER_APPICON_NAME = AppIcon;
				CODE_SIGN_STYLE = Automatic;
				INFOPLIST_FILE = Flix_Part1/Info.plist;
				LD_RUNPATH_SEARCH_PATHS = (
					"$(inherited)",
					"@executable_path/Frameworks",
				);
				PRODUCT_BUNDLE_IDENTIFIER = "TOM.Flix-Part1";
				PRODUCT_NAME = "$(TARGET_NAME)";
				SWIFT_VERSION = 5.0;
				TARGETED_DEVICE_FAMILY = "1,2";
			};
			name = Debug;
		};
		6AD15C0E23FFDB7D001FC35E /* Release */ = {
			isa = XCBuildConfiguration;
			buildSettings = {
				ASSETCATALOG_COMPILER_APPICON_NAME = AppIcon;
				CODE_SIGN_STYLE = Automatic;
				INFOPLIST_FILE = Flix_Part1/Info.plist;
				LD_RUNPATH_SEARCH_PATHS = (
					"$(inherited)",
					"@executable_path/Frameworks",
				);
				PRODUCT_BUNDLE_IDENTIFIER = "TOM.Flix-Part1";
				PRODUCT_NAME = "$(TARGET_NAME)";
				SWIFT_VERSION = 5.0;
				TARGETED_DEVICE_FAMILY = "1,2";
			};
			name = Release;
		};
		6AD15C1023FFDB7D001FC35E /* Debug */ = {
			isa = XCBuildConfiguration;
			buildSettings = {
				ALWAYS_EMBED_SWIFT_STANDARD_LIBRARIES = YES;
				BUNDLE_LOADER = "$(TEST_HOST)";
				CODE_SIGN_STYLE = Automatic;
				INFOPLIST_FILE = Flix_Part1Tests/Info.plist;
				IPHONEOS_DEPLOYMENT_TARGET = 13.2;
				LD_RUNPATH_SEARCH_PATHS = (
					"$(inherited)",
					"@executable_path/Frameworks",
					"@loader_path/Frameworks",
				);
				PRODUCT_BUNDLE_IDENTIFIER = "TOM.Flix-Part1Tests";
				PRODUCT_NAME = "$(TARGET_NAME)";
				SWIFT_VERSION = 5.0;
				TARGETED_DEVICE_FAMILY = "1,2";
				TEST_HOST = "$(BUILT_PRODUCTS_DIR)/Flix_Part1.app/Flix_Part1";
			};
			name = Debug;
		};
		6AD15C1123FFDB7D001FC35E /* Release */ = {
			isa = XCBuildConfiguration;
			buildSettings = {
				ALWAYS_EMBED_SWIFT_STANDARD_LIBRARIES = YES;
				BUNDLE_LOADER = "$(TEST_HOST)";
				CODE_SIGN_STYLE = Automatic;
				INFOPLIST_FILE = Flix_Part1Tests/Info.plist;
				IPHONEOS_DEPLOYMENT_TARGET = 13.2;
				LD_RUNPATH_SEARCH_PATHS = (
					"$(inherited)",
					"@executable_path/Frameworks",
					"@loader_path/Frameworks",
				);
				PRODUCT_BUNDLE_IDENTIFIER = "TOM.Flix-Part1Tests";
				PRODUCT_NAME = "$(TARGET_NAME)";
				SWIFT_VERSION = 5.0;
				TARGETED_DEVICE_FAMILY = "1,2";
				TEST_HOST = "$(BUILT_PRODUCTS_DIR)/Flix_Part1.app/Flix_Part1";
			};
			name = Release;
		};
		6AD15C1323FFDB7D001FC35E /* Debug */ = {
			isa = XCBuildConfiguration;
			buildSettings = {
				ALWAYS_EMBED_SWIFT_STANDARD_LIBRARIES = YES;
				CODE_SIGN_STYLE = Automatic;
				INFOPLIST_FILE = Flix_Part1UITests/Info.plist;
				LD_RUNPATH_SEARCH_PATHS = (
					"$(inherited)",
					"@executable_path/Frameworks",
					"@loader_path/Frameworks",
				);
				PRODUCT_BUNDLE_IDENTIFIER = "TOM.Flix-Part1UITests";
				PRODUCT_NAME = "$(TARGET_NAME)";
				SWIFT_VERSION = 5.0;
				TARGETED_DEVICE_FAMILY = "1,2";
				TEST_TARGET_NAME = Flix_Part1;
			};
			name = Debug;
		};
		6AD15C1423FFDB7D001FC35E /* Release */ = {
			isa = XCBuildConfiguration;
			buildSettings = {
				ALWAYS_EMBED_SWIFT_STANDARD_LIBRARIES = YES;
				CODE_SIGN_STYLE = Automatic;
				INFOPLIST_FILE = Flix_Part1UITests/Info.plist;
				LD_RUNPATH_SEARCH_PATHS = (
					"$(inherited)",
					"@executable_path/Frameworks",
					"@loader_path/Frameworks",
				);
				PRODUCT_BUNDLE_IDENTIFIER = "TOM.Flix-Part1UITests";
				PRODUCT_NAME = "$(TARGET_NAME)";
				SWIFT_VERSION = 5.0;
				TARGETED_DEVICE_FAMILY = "1,2";
				TEST_TARGET_NAME = Flix_Part1;
			};
			name = Release;
		};
/* End XCBuildConfiguration section */

/* Begin XCConfigurationList section */
		6AD15BDD23FFDB7C001FC35E /* Build configuration list for PBXProject "Flix_Part1" */ = {
			isa = XCConfigurationList;
			buildConfigurations = (
				6AD15C0A23FFDB7D001FC35E /* Debug */,
				6AD15C0B23FFDB7D001FC35E /* Release */,
			);
			defaultConfigurationIsVisible = 0;
			defaultConfigurationName = Release;
		};
		6AD15C0C23FFDB7D001FC35E /* Build configuration list for PBXNativeTarget "Flix_Part1" */ = {
			isa = XCConfigurationList;
			buildConfigurations = (
				6AD15C0D23FFDB7D001FC35E /* Debug */,
				6AD15C0E23FFDB7D001FC35E /* Release */,
			);
			defaultConfigurationIsVisible = 0;
			defaultConfigurationName = Release;
		};
		6AD15C0F23FFDB7D001FC35E /* Build configuration list for PBXNativeTarget "Flix_Part1Tests" */ = {
			isa = XCConfigurationList;
			buildConfigurations = (
				6AD15C1023FFDB7D001FC35E /* Debug */,
				6AD15C1123FFDB7D001FC35E /* Release */,
			);
			defaultConfigurationIsVisible = 0;
			defaultConfigurationName = Release;
		};
		6AD15C1223FFDB7D001FC35E /* Build configuration list for PBXNativeTarget "Flix_Part1UITests" */ = {
			isa = XCConfigurationList;
			buildConfigurations = (
				6AD15C1323FFDB7D001FC35E /* Debug */,
				6AD15C1423FFDB7D001FC35E /* Release */,
			);
			defaultConfigurationIsVisible = 0;
			defaultConfigurationName = Release;
		};
/* End XCConfigurationList section */
	};
	rootObject = 6AD15BDA23FFDB7C001FC35E /* Project object */;
}
